
Microsoft Visual Studio Solution File, Format Version 12.00
# Visual Studio Version 17
VisualStudioVersion = 17.0.31903.59
MinimumVisualStudioVersion = 10.0.40219.1
Project("{2150E333-8FDC-42A3-9474-1A3956D46DE8}") = "src", "src", "{5999F126-9E25-4976-9CF9-373AE8E44F82}"
EndProject
Project("{2150E333-8FDC-42A3-9474-1A3956D46DE8}") = "services", "services", "{F933BB86-2CE0-4A89-A0E2-A1621766CF60}"
EndProject
Project("{2150E333-8FDC-42A3-9474-1A3956D46DE8}") = "checkout", "checkout", "{2D0FB03F-EBC0-442D-ACFF-3640B5F2AC8D}"
EndProject
Project("{FAE04EC0-301F-11D3-BF4B-00C04F79EFBC}") = "PingPay.Checkout.API", "src\services\checkout\PingPay.Checkout.API\PingPay.Checkout.API.csproj", "{590B4F8D-DD60-489F-8FFC-E4541AFC6561}"
EndProject
Project("{2150E333-8FDC-42A3-9474-1A3956D46DE8}") = "identity", "identity", "{E2A22DDF-EB45-497A-BAB4-2571213C0A5E}"
EndProject
Project("{FAE04EC0-301F-11D3-BF4B-00C04F79EFBC}") = "PingPay.Identity.API", "src\services\identity\PingPay.Identity.API\PingPay.Identity.API.csproj", "{69D7CD74-7751-467A-ACC4-AB16248FED44}"
EndProject
Project("{2150E333-8FDC-42A3-9474-1A3956D46DE8}") = "settlement", "settlement", "{2AB8DFD6-4D03-481E-9085-AE4FA7638F1A}"
EndProject
Project("{FAE04EC0-301F-11D3-BF4B-00C04F79EFBC}") = "PingPay.Settlement.Worker", "src\services\settlement\PingPay.Settlement.Worker\PingPay.Settlement.Worker.csproj", "{74F34658-C019-41FC-8FFE-CD4D3CB8A4D5}"
EndProject
Project("{2150E333-8FDC-42A3-9474-1A3956D46DE8}") = "shared", "shared", "{DB1D02C8-95A6-44F1-8E43-02074FE1949F}"
EndProject
Project("{FAE04EC0-301F-11D3-BF4B-00C04F79EFBC}") = "PingPay.Shared.Kernel", "src\shared\PingPay.Shared.Kernel\PingPay.Shared.Kernel.csproj", "{F8CCA4EC-0834-4C6D-84D4-4890158BC4BF}"
EndProject
Project("{2150E333-8FDC-42A3-9474-1A3956D46DE8}") = "tests", "tests", "{FFC070EB-7C3F-407B-BFF5-7EE294ABE736}"
EndProject
Project("{FAE04EC0-301F-11D3-BF4B-00C04F79EFBC}") = "PingPay.Checkout.Tests", "tests\PingPay.Checkout.Tests\PingPay.Checkout.Tests.csproj", "{748EF072-0176-454E-8583-BB08CE6C99D2}"
EndProject
Global
	GlobalSection(SolutionConfigurationPlatforms) = preSolution
		Debug|Any CPU = Debug|Any CPU
		Release|Any CPU = Release|Any CPU
	EndGlobalSection
	GlobalSection(SolutionProperties) = preSolution
		HideSolutionNode = FALSE
	EndGlobalSection
	GlobalSection(ProjectConfigurationPlatforms) = postSolution
		{590B4F8D-DD60-489F-8FFC-E4541AFC6561}.Debug|Any CPU.ActiveCfg = Debug|Any CPU
		{590B4F8D-DD60-489F-8FFC-E4541AFC6561}.Debug|Any CPU.Build.0 = Debug|Any CPU
		{590B4F8D-DD60-489F-8FFC-E4541AFC6561}.Release|Any CPU.ActiveCfg = Release|Any CPU
		{590B4F8D-DD60-489F-8FFC-E4541AFC6561}.Release|Any CPU.Build.0 = Release|Any CPU
		{69D7CD74-7751-467A-ACC4-AB16248FED44}.Debug|Any CPU.ActiveCfg = Debug|Any CPU
		{69D7CD74-7751-467A-ACC4-AB16248FED44}.Debug|Any CPU.Build.0 = Debug|Any CPU
		{69D7CD74-7751-467A-ACC4-AB16248FED44}.Release|Any CPU.ActiveCfg = Release|Any CPU
		{69D7CD74-7751-467A-ACC4-AB16248FED44}.Release|Any CPU.Build.0 = Release|Any CPU
		{74F34658-C019-41FC-8FFE-CD4D3CB8A4D5}.Debug|Any CPU.ActiveCfg = Debug|Any CPU
		{74F34658-C019-41FC-8FFE-CD4D3CB8A4D5}.Debug|Any CPU.Build.0 = Debug|Any CPU
		{74F34658-C019-41FC-8FFE-CD4D3CB8A4D5}.Release|Any CPU.ActiveCfg = Release|Any CPU
		{74F34658-C019-41FC-8FFE-CD4D3CB8A4D5}.Release|Any CPU.Build.0 = Release|Any CPU
		{F8CCA4EC-0834-4C6D-84D4-4890158BC4BF}.Debug|Any CPU.ActiveCfg = Debug|Any CPU
		{F8CCA4EC-0834-4C6D-84D4-4890158BC4BF}.Debug|Any CPU.Build.0 = Debug|Any CPU
		{F8CCA4EC-0834-4C6D-84D4-4890158BC4BF}.Release|Any CPU.ActiveCfg = Release|Any CPU
		{F8CCA4EC-0834-4C6D-84D4-4890158BC4BF}.Release|Any CPU.Build.0 = Release|Any CPU
		{748EF072-0176-454E-8583-BB08CE6C99D2}.Debug|Any CPU.ActiveCfg = Debug|Any CPU
		{748EF072-0176-454E-8583-BB08CE6C99D2}.Debug|Any CPU.Build.0 = Debug|Any CPU
		{748EF072-0176-454E-8583-BB08CE6C99D2}.Release|Any CPU.ActiveCfg = Release|Any CPU
		{748EF072-0176-454E-8583-BB08CE6C99D2}.Release|Any CPU.Build.0 = Release|Any CPU
	EndGlobalSection
	GlobalSection(NestedProjects) = preSolution
		{F933BB86-2CE0-4A89-A0E2-A1621766CF60} = {5999F126-9E25-4976-9CF9-373AE8E44F82}
		{2D0FB03F-EBC0-442D-ACFF-3640B5F2AC8D} = {F933BB86-2CE0-4A89-A0E2-A1621766CF60}
		{590B4F8D-DD60-489F-8FFC-E4541AFC6561} = {2D0FB03F-EBC0-442D-ACFF-3640B5F2AC8D}
		{E2A22DDF-EB45-497A-BAB4-2571213C0A5E} = {F933BB86-2CE0-4A89-A0E2-A1621766CF60}
		{69D7CD74-7751-467A-ACC4-AB16248FED44} = {E2A22DDF-EB45-497A-BAB4-2571213C0A5E}
		{2AB8DFD6-4D03-481E-9085-AE4FA7638F1A} = {F933BB86-2CE0-4A89-A0E2-A1621766CF60}
		{74F34658-C019-41FC-8FFE-CD4D3CB8A4D5} = {2AB8DFD6-4D03-481E-9085-AE4FA7638F1A}
		{DB1D02C8-95A6-44F1-8E43-02074FE1949F} = {5999F126-9E25-4976-9CF9-373AE8E44F82}
		{F8CCA4EC-0834-4C6D-84D4-4890158BC4BF} = {DB1D02C8-95A6-44F1-8E43-02074FE1949F}
		{748EF072-0176-454E-8583-BB08CE6C99D2} = {FFC070EB-7C3F-407B-BFF5-7EE294ABE736}
	EndGlobalSection
EndGlobal
